
Microsoft Visual Studio Solution File, Format Version 12.00
# Visual Studio Version 16
VisualStudioVersion = 16.0.30406.217
MinimumVisualStudioVersion = 10.0.40219.1
Project("{9A19103F-16F7-4668-BE54-9A1E7A4F7556}") = "BuildAppDotNetCoreAngular.API", "BuildAppDotNetCoreAngular.API\BuildAppDotNetCoreAngular.API.csproj", "{AA688070-CD24-4169-99F5-0BF03CEAE7C6}"
EndProject
Project("{9A19103F-16F7-4668-BE54-9A1E7A4F7556}") = "MyAppWithAngular", "MyAppWithAngular\MyAppWithAngular.csproj", "{63E164DB-6FC6-4C12-87C3-126D9576AAE4}"
EndProject
Project("{FAE04EC0-301F-11D3-BF4B-00C04F79EFBC}") = "MyAppWithAngular.Resources", "MyAppWithAgular.Resources\MyAppWithAngular.Resources.csproj", "{B993E115-0BFB-43D3-BA1D-72A185FCB005}"
EndProject
Global
	GlobalSection(SolutionConfigurationPlatforms) = preSolution
		Debug|Any CPU = Debug|Any CPU
		Release|Any CPU = Release|Any CPU
	EndGlobalSection
	GlobalSection(ProjectConfigurationPlatforms) = postSolution
		{AA688070-CD24-4169-99F5-0BF03CEAE7C6}.Debug|Any CPU.ActiveCfg = Debug|Any CPU
		{AA688070-CD24-4169-99F5-0BF03CEAE7C6}.Debug|Any CPU.Build.0 = Debug|Any CPU
		{AA688070-CD24-4169-99F5-0BF03CEAE7C6}.Release|Any CPU.ActiveCfg = Release|Any CPU
		{AA688070-CD24-4169-99F5-0BF03CEAE7C6}.Release|Any CPU.Build.0 = Release|Any CPU
		{63E164DB-6FC6-4C12-87C3-126D9576AAE4}.Debug|Any CPU.ActiveCfg = Debug|Any CPU
		{63E164DB-6FC6-4C12-87C3-126D9576AAE4}.Debug|Any CPU.Build.0 = Debug|Any CPU
		{63E164DB-6FC6-4C12-87C3-126D9576AAE4}.Release|Any CPU.ActiveCfg = Release|Any CPU
		{63E164DB-6FC6-4C12-87C3-126D9576AAE4}.Release|Any CPU.Build.0 = Release|Any CPU
		{B993E115-0BFB-43D3-BA1D-72A185FCB005}.Debug|Any CPU.ActiveCfg = Debug|Any CPU
		{B993E115-0BFB-43D3-BA1D-72A185FCB005}.Debug|Any CPU.Build.0 = Debug|Any CPU
		{B993E115-0BFB-43D3-BA1D-72A185FCB005}.Release|Any CPU.ActiveCfg = Release|Any CPU
		{B993E115-0BFB-43D3-BA1D-72A185FCB005}.Release|Any CPU.Build.0 = Release|Any CPU
	EndGlobalSection
	GlobalSection(SolutionProperties) = preSolution
		HideSolutionNode = FALSE
	EndGlobalSection
	GlobalSection(ExtensibilityGlobals) = postSolution
		SolutionGuid = {3A6E2E76-9A82-45DE-A6AA-74191A3EDA85}
	EndGlobalSection
EndGlobal
